// !$*UTF8*$!
{
	archiveVersion = 1;
	classes = {
	};
	objectVersion = 46;
	objects = {

/* Begin PBXBuildFile section */
		61E1A65F998632C18994EA34 /* Pods_PasswordVaultTests.framework in Frameworks */ = {isa = PBXBuildFile; fileRef = 5DF1F2F4F303D0ADB9F306A3 /* Pods_PasswordVaultTests.framework */; };
		952B74A21F29256200B378FF /* GenericTableView.swift in Sources */ = {isa = PBXBuildFile; fileRef = 952B74A11F29256200B378FF /* GenericTableView.swift */; };
		952B74A41F2925CF00B378FF /* GroupsTableViewController.swift in Sources */ = {isa = PBXBuildFile; fileRef = 952B74A31F2925CF00B378FF /* GroupsTableViewController.swift */; };
		952B74A61F29268D00B378FF /* GroupsTableViewDataSource.swift in Sources */ = {isa = PBXBuildFile; fileRef = 952B74A51F29268D00B378FF /* GroupsTableViewDataSource.swift */; };
		952B74AA1F292D5B00B378FF /* Group.swift in Sources */ = {isa = PBXBuildFile; fileRef = 952B74A91F292D5B00B378FF /* Group.swift */; };
		952B74AD1F292EB000B378FF /* Protocols.swift in Sources */ = {isa = PBXBuildFile; fileRef = 952B74AC1F292EB000B378FF /* Protocols.swift */; };
		952B74AF1F2936C800B378FF /* GroupTableViewCell.swift in Sources */ = {isa = PBXBuildFile; fileRef = 952B74AE1F2936C800B378FF /* GroupTableViewCell.swift */; };
		952B74B21F29478500B378FF /* GroupTests.swift in Sources */ = {isa = PBXBuildFile; fileRef = 952B74B11F29478500B378FF /* GroupTests.swift */; };
		952B74B51F2947E000B378FF /* GroupsTableViewTests.swift in Sources */ = {isa = PBXBuildFile; fileRef = 952B74B41F2947E000B378FF /* GroupsTableViewTests.swift */; };
		952B74B81F294ABF00B378FF /* AddGroupViewController.swift in Sources */ = {isa = PBXBuildFile; fileRef = 952B74B71F294ABF00B378FF /* AddGroupViewController.swift */; };
		952B74BA1F294C1500B378FF /* LabeledTextField.swift in Sources */ = {isa = PBXBuildFile; fileRef = 952B74B91F294C1500B378FF /* LabeledTextField.swift */; };
		952B74BC1F294C5B00B378FF /* AddGroupView.swift in Sources */ = {isa = PBXBuildFile; fileRef = 952B74BB1F294C5B00B378FF /* AddGroupView.swift */; };
		9531C6D91F29153900435143 /* AppDelegate.swift in Sources */ = {isa = PBXBuildFile; fileRef = 9531C6D81F29153900435143 /* AppDelegate.swift */; };
		9531C6E11F29153900435143 /* PasswordVault.xcdatamodeld in Sources */ = {isa = PBXBuildFile; fileRef = 9531C6DF1F29153900435143 /* PasswordVault.xcdatamodeld */; };
		9531C6E31F29153900435143 /* Assets.xcassets in Resources */ = {isa = PBXBuildFile; fileRef = 9531C6E21F29153900435143 /* Assets.xcassets */; };
		9531C6E61F29153900435143 /* LaunchScreen.storyboard in Resources */ = {isa = PBXBuildFile; fileRef = 9531C6E41F29153900435143 /* LaunchScreen.storyboard */; };
		955B4B8A1F2A1D1A005E1DD5 /* AddGroupViewTests.swift in Sources */ = {isa = PBXBuildFile; fileRef = 955B4B891F2A1D1A005E1DD5 /* AddGroupViewTests.swift */; };
		955B4B901F2A76D7005E1DD5 /* GroupDetailTableViewController.swift in Sources */ = {isa = PBXBuildFile; fileRef = 955B4B8F1F2A76D7005E1DD5 /* GroupDetailTableViewController.swift */; };
		955B4B921F2A77EE005E1DD5 /* GroupDetailTableViewDataSource.swift in Sources */ = {isa = PBXBuildFile; fileRef = 955B4B911F2A77EE005E1DD5 /* GroupDetailTableViewDataSource.swift */; };
		955B4B941F2A782C005E1DD5 /* Item.swift in Sources */ = {isa = PBXBuildFile; fileRef = 955B4B931F2A782C005E1DD5 /* Item.swift */; };
		955B4B961F2A78AE005E1DD5 /* ItemTableViewCell.swift in Sources */ = {isa = PBXBuildFile; fileRef = 955B4B951F2A78AE005E1DD5 /* ItemTableViewCell.swift */; };
		955B4B981F2A8DAB005E1DD5 /* GroupDetailTests.swift in Sources */ = {isa = PBXBuildFile; fileRef = 955B4B971F2A8DAB005E1DD5 /* GroupDetailTests.swift */; };
		955B4B9A1F2A8DBA005E1DD5 /* ItemTests.swift in Sources */ = {isa = PBXBuildFile; fileRef = 955B4B991F2A8DBA005E1DD5 /* ItemTests.swift */; };
		F31890B8AD05DC49928D388F /* Pods_PasswordVault.framework in Frameworks */ = {isa = PBXBuildFile; fileRef = 549C931257E6FBF591D19025 /* Pods_PasswordVault.framework */; };
/* End PBXBuildFile section */

/* Begin PBXContainerItemProxy section */
		9531C6ED1F29153900435143 /* PBXContainerItemProxy */ = {
			isa = PBXContainerItemProxy;
			containerPortal = 9531C6CD1F29153900435143 /* Project object */;
			proxyType = 1;
			remoteGlobalIDString = 9531C6D41F29153900435143;
			remoteInfo = PasswordVault;
		};
/* End PBXContainerItemProxy section */

/* Begin PBXFileReference section */
		549C931257E6FBF591D19025 /* Pods_PasswordVault.framework */ = {isa = PBXFileReference; explicitFileType = wrapper.framework; includeInIndex = 0; path = Pods_PasswordVault.framework; sourceTree = BUILT_PRODUCTS_DIR; };
		5DF1F2F4F303D0ADB9F306A3 /* Pods_PasswordVaultTests.framework */ = {isa = PBXFileReference; explicitFileType = wrapper.framework; includeInIndex = 0; path = Pods_PasswordVaultTests.framework; sourceTree = BUILT_PRODUCTS_DIR; };
		5E82B3E3F0A100D8AA8FFB67 /* Pods-PasswordVaultTests.release.xcconfig */ = {isa = PBXFileReference; includeInIndex = 1; lastKnownFileType = text.xcconfig; name = "Pods-PasswordVaultTests.release.xcconfig"; path = "Pods/Target Support Files/Pods-PasswordVaultTests/Pods-PasswordVaultTests.release.xcconfig"; sourceTree = "<group>"; };
		8DC15C758A7BD059775C120B /* Pods-PasswordVault.debug.xcconfig */ = {isa = PBXFileReference; includeInIndex = 1; lastKnownFileType = text.xcconfig; name = "Pods-PasswordVault.debug.xcconfig"; path = "Pods/Target Support Files/Pods-PasswordVault/Pods-PasswordVault.debug.xcconfig"; sourceTree = "<group>"; };
		952B74A11F29256200B378FF /* GenericTableView.swift */ = {isa = PBXFileReference; fileEncoding = 4; lastKnownFileType = sourcecode.swift; name = GenericTableView.swift; path = Components/GenericTableView.swift; sourceTree = "<group>"; };
		952B74A31F2925CF00B378FF /* GroupsTableViewController.swift */ = {isa = PBXFileReference; fileEncoding = 4; lastKnownFileType = sourcecode.swift; name = GroupsTableViewController.swift; path = Scenes/Groups/GroupsTableViewController.swift; sourceTree = "<group>"; };
		952B74A51F29268D00B378FF /* GroupsTableViewDataSource.swift */ = {isa = PBXFileReference; fileEncoding = 4; lastKnownFileType = sourcecode.swift; name = GroupsTableViewDataSource.swift; path = Scenes/Groups/GroupsTableViewDataSource.swift; sourceTree = "<group>"; };
		952B74A91F292D5B00B378FF /* Group.swift */ = {isa = PBXFileReference; fileEncoding = 4; lastKnownFileType = sourcecode.swift; name = Group.swift; path = Model/Group.swift; sourceTree = "<group>"; };
		952B74AC1F292EB000B378FF /* Protocols.swift */ = {isa = PBXFileReference; fileEncoding = 4; lastKnownFileType = sourcecode.swift; name = Protocols.swift; path = Util/Protocols.swift; sourceTree = "<group>"; };
		952B74AE1F2936C800B378FF /* GroupTableViewCell.swift */ = {isa = PBXFileReference; fileEncoding = 4; lastKnownFileType = sourcecode.swift; name = GroupTableViewCell.swift; path = Scenes/Groups/GroupTableViewCell.swift; sourceTree = "<group>"; };
		952B74B11F29478500B378FF /* GroupTests.swift */ = {isa = PBXFileReference; fileEncoding = 4; lastKnownFileType = sourcecode.swift; name = GroupTests.swift; path = Model/GroupTests.swift; sourceTree = "<group>"; };
		952B74B41F2947E000B378FF /* GroupsTableViewTests.swift */ = {isa = PBXFileReference; fileEncoding = 4; lastKnownFileType = sourcecode.swift; name = GroupsTableViewTests.swift; path = Controller/GroupsTableViewTests.swift; sourceTree = "<group>"; };
		952B74B71F294ABF00B378FF /* AddGroupViewController.swift */ = {isa = PBXFileReference; fileEncoding = 4; lastKnownFileType = sourcecode.swift; name = AddGroupViewController.swift; path = "Scenes/Add Group/AddGroupViewController.swift"; sourceTree = "<group>"; };
		952B74B91F294C1500B378FF /* LabeledTextField.swift */ = {isa = PBXFileReference; fileEncoding = 4; lastKnownFileType = sourcecode.swift; name = LabeledTextField.swift; path = Components/LabeledTextField.swift; sourceTree = "<group>"; };
		952B74BB1F294C5B00B378FF /* AddGroupView.swift */ = {isa = PBXFileReference; fileEncoding = 4; lastKnownFileType = sourcecode.swift; name = AddGroupView.swift; path = "Scenes/Add Group/AddGroupView.swift"; sourceTree = "<group>"; };
		9531C6D51F29153900435143 /* PasswordVault.app */ = {isa = PBXFileReference; explicitFileType = wrapper.application; includeInIndex = 0; path = PasswordVault.app; sourceTree = BUILT_PRODUCTS_DIR; };
		9531C6D81F29153900435143 /* AppDelegate.swift */ = {isa = PBXFileReference; lastKnownFileType = sourcecode.swift; path = AppDelegate.swift; sourceTree = "<group>"; };
		9531C6E01F29153900435143 /* PasswordVault.xcdatamodel */ = {isa = PBXFileReference; lastKnownFileType = wrapper.xcdatamodel; path = PasswordVault.xcdatamodel; sourceTree = "<group>"; };
		9531C6E21F29153900435143 /* Assets.xcassets */ = {isa = PBXFileReference; lastKnownFileType = folder.assetcatalog; path = Assets.xcassets; sourceTree = "<group>"; };
		9531C6E51F29153900435143 /* Base */ = {isa = PBXFileReference; lastKnownFileType = file.storyboard; name = Base; path = Base.lproj/LaunchScreen.storyboard; sourceTree = "<group>"; };
		9531C6E71F29153900435143 /* Info.plist */ = {isa = PBXFileReference; lastKnownFileType = text.plist.xml; path = Info.plist; sourceTree = "<group>"; };
		9531C6EC1F29153900435143 /* PasswordVaultTests.xctest */ = {isa = PBXFileReference; explicitFileType = wrapper.cfbundle; includeInIndex = 0; path = PasswordVaultTests.xctest; sourceTree = BUILT_PRODUCTS_DIR; };
		9531C6F21F29153900435143 /* Info.plist */ = {isa = PBXFileReference; lastKnownFileType = text.plist.xml; path = Info.plist; sourceTree = "<group>"; };
		955B4B891F2A1D1A005E1DD5 /* AddGroupViewTests.swift */ = {isa = PBXFileReference; fileEncoding = 4; lastKnownFileType = sourcecode.swift; name = AddGroupViewTests.swift; path = Controller/AddGroupViewTests.swift; sourceTree = "<group>"; };
		955B4B8F1F2A76D7005E1DD5 /* GroupDetailTableViewController.swift */ = {isa = PBXFileReference; fileEncoding = 4; lastKnownFileType = sourcecode.swift; name = GroupDetailTableViewController.swift; path = "Scenes/Group Detail/GroupDetailTableViewController.swift"; sourceTree = "<group>"; };
		955B4B911F2A77EE005E1DD5 /* GroupDetailTableViewDataSource.swift */ = {isa = PBXFileReference; fileEncoding = 4; lastKnownFileType = sourcecode.swift; name = GroupDetailTableViewDataSource.swift; path = "Scenes/Group Detail/GroupDetailTableViewDataSource.swift"; sourceTree = "<group>"; };
		955B4B931F2A782C005E1DD5 /* Item.swift */ = {isa = PBXFileReference; fileEncoding = 4; lastKnownFileType = sourcecode.swift; path = Item.swift; sourceTree = "<group>"; };
		955B4B951F2A78AE005E1DD5 /* ItemTableViewCell.swift */ = {isa = PBXFileReference; fileEncoding = 4; lastKnownFileType = sourcecode.swift; name = ItemTableViewCell.swift; path = "Scenes/Group Detail/ItemTableViewCell.swift"; sourceTree = "<group>"; };
		955B4B971F2A8DAB005E1DD5 /* GroupDetailTests.swift */ = {isa = PBXFileReference; fileEncoding = 4; lastKnownFileType = sourcecode.swift; name = GroupDetailTests.swift; path = Controller/GroupDetailTests.swift; sourceTree = "<group>"; };
		955B4B991F2A8DBA005E1DD5 /* ItemTests.swift */ = {isa = PBXFileReference; fileEncoding = 4; lastKnownFileType = sourcecode.swift; name = ItemTests.swift; path = Model/ItemTests.swift; sourceTree = "<group>"; };
		9561C9B9C838B87E0AD22D71 /* Pods-PasswordVault.release.xcconfig */ = {isa = PBXFileReference; includeInIndex = 1; lastKnownFileType = text.xcconfig; name = "Pods-PasswordVault.release.xcconfig"; path = "Pods/Target Support Files/Pods-PasswordVault/Pods-PasswordVault.release.xcconfig"; sourceTree = "<group>"; };
		C011C1E2084C2740E927697F /* Pods-PasswordVaultTests.debug.xcconfig */ = {isa = PBXFileReference; includeInIndex = 1; lastKnownFileType = text.xcconfig; name = "Pods-PasswordVaultTests.debug.xcconfig"; path = "Pods/Target Support Files/Pods-PasswordVaultTests/Pods-PasswordVaultTests.debug.xcconfig"; sourceTree = "<group>"; };
/* End PBXFileReference section */

/* Begin PBXFrameworksBuildPhase section */
		9531C6D21F29153900435143 /* Frameworks */ = {
			isa = PBXFrameworksBuildPhase;
			buildActionMask = 2147483647;
			files = (
				F31890B8AD05DC49928D388F /* Pods_PasswordVault.framework in Frameworks */,
			);
			runOnlyForDeploymentPostprocessing = 0;
		};
		9531C6E91F29153900435143 /* Frameworks */ = {
			isa = PBXFrameworksBuildPhase;
			buildActionMask = 2147483647;
			files = (
				61E1A65F998632C18994EA34 /* Pods_PasswordVaultTests.framework in Frameworks */,
			);
			runOnlyForDeploymentPostprocessing = 0;
		};
/* End PBXFrameworksBuildPhase section */

/* Begin PBXGroup section */
		86462FB4DACC533B9F293D81 /* Frameworks */ = {
			isa = PBXGroup;
			children = (
				549C931257E6FBF591D19025 /* Pods_PasswordVault.framework */,
				5DF1F2F4F303D0ADB9F306A3 /* Pods_PasswordVaultTests.framework */,
			);
			name = Frameworks;
			sourceTree = "<group>";
		};
		952B749C1F29240F00B378FF /* Scenes */ = {
			isa = PBXGroup;
			children = (
				952B74B61F294A6500B378FF /* Add Group */,
				952B74A01F29245B00B378FF /* Groups */,
				955B4B8E1F2A70B1005E1DD5 /* Group Detail */,
			);
			name = Scenes;
			sourceTree = "<group>";
		};
		952B749D1F29242000B378FF /* Model */ = {
			isa = PBXGroup;
			children = (
				952B74A91F292D5B00B378FF /* Group.swift */,
				955B4B931F2A782C005E1DD5 /* Item.swift */,
			);
			name = Model;
			sourceTree = "<group>";
		};
		952B749F1F29243400B378FF /* Components */ = {
			isa = PBXGroup;
			children = (
				952B74A11F29256200B378FF /* GenericTableView.swift */,
				952B74B91F294C1500B378FF /* LabeledTextField.swift */,
			);
			name = Components;
			sourceTree = "<group>";
		};
		952B74A01F29245B00B378FF /* Groups */ = {
			isa = PBXGroup;
			children = (
				952B74A31F2925CF00B378FF /* GroupsTableViewController.swift */,
				952B74A51F29268D00B378FF /* GroupsTableViewDataSource.swift */,
				952B74AE1F2936C800B378FF /* GroupTableViewCell.swift */,
			);
			name = Groups;
			sourceTree = "<group>";
		};
		952B74AB1F292E8600B378FF /* Util */ = {
			isa = PBXGroup;
			children = (
				952B74AC1F292EB000B378FF /* Protocols.swift */,
			);
			name = Util;
			sourceTree = "<group>";
		};
		952B74B01F29476900B378FF /* Model */ = {
			isa = PBXGroup;
			children = (
				952B74B11F29478500B378FF /* GroupTests.swift */,
				955B4B991F2A8DBA005E1DD5 /* ItemTests.swift */,
			);
			name = Model;
			sourceTree = "<group>";
		};
		952B74B31F2947C400B378FF /* Controller */ = {
			isa = PBXGroup;
			children = (
				952B74B41F2947E000B378FF /* GroupsTableViewTests.swift */,
				955B4B891F2A1D1A005E1DD5 /* AddGroupViewTests.swift */,
				955B4B971F2A8DAB005E1DD5 /* GroupDetailTests.swift */,
			);
			name = Controller;
			sourceTree = "<group>";
		};
		952B74B61F294A6500B378FF /* Add Group */ = {
			isa = PBXGroup;
			children = (
				952B74B71F294ABF00B378FF /* AddGroupViewController.swift */,
				952B74BB1F294C5B00B378FF /* AddGroupView.swift */,
			);
			name = "Add Group";
			sourceTree = "<group>";
		};
		9531C6CC1F29153900435143 = {
			isa = PBXGroup;
			children = (
				9531C6D71F29153900435143 /* PasswordVault */,
				9531C6EF1F29153900435143 /* PasswordVaultTests */,
				9531C6D61F29153900435143 /* Products */,
				EEB8DEF81EE6133C18800514 /* Pods */,
				86462FB4DACC533B9F293D81 /* Frameworks */,
			);
			sourceTree = "<group>";
		};
		9531C6D61F29153900435143 /* Products */ = {
			isa = PBXGroup;
			children = (
				9531C6D51F29153900435143 /* PasswordVault.app */,
				9531C6EC1F29153900435143 /* PasswordVaultTests.xctest */,
			);
			name = Products;
			sourceTree = "<group>";
		};
		9531C6D71F29153900435143 /* PasswordVault */ = {
			isa = PBXGroup;
			children = (
				952B74AB1F292E8600B378FF /* Util */,
				952B749F1F29243400B378FF /* Components */,
				952B749D1F29242000B378FF /* Model */,
				952B749C1F29240F00B378FF /* Scenes */,
				9531C6D81F29153900435143 /* AppDelegate.swift */,
				9531C6E21F29153900435143 /* Assets.xcassets */,
				9531C6E41F29153900435143 /* LaunchScreen.storyboard */,
				9531C6E71F29153900435143 /* Info.plist */,
				9531C6DF1F29153900435143 /* PasswordVault.xcdatamodeld */,
			);
			path = PasswordVault;
			sourceTree = "<group>";
		};
		9531C6EF1F29153900435143 /* PasswordVaultTests */ = {
			isa = PBXGroup;
			children = (
				955B4B9B1F2A8DC2005E1DD5 /* Components */,
				952B74B31F2947C400B378FF /* Controller */,
				952B74B01F29476900B378FF /* Model */,
				9531C6F21F29153900435143 /* Info.plist */,
			);
			path = PasswordVaultTests;
			sourceTree = "<group>";
		};
		955B4B8E1F2A70B1005E1DD5 /* Group Detail */ = {
			isa = PBXGroup;
			children = (
				955B4B8F1F2A76D7005E1DD5 /* GroupDetailTableViewController.swift */,
				955B4B911F2A77EE005E1DD5 /* GroupDetailTableViewDataSource.swift */,
				955B4B951F2A78AE005E1DD5 /* ItemTableViewCell.swift */,
			);
			name = "Group Detail";
			sourceTree = "<group>";
		};
		955B4B9B1F2A8DC2005E1DD5 /* Components */ = {
			isa = PBXGroup;
			children = (
			);
			name = Components;
			sourceTree = "<group>";
		};
		EEB8DEF81EE6133C18800514 /* Pods */ = {
			isa = PBXGroup;
			children = (
				8DC15C758A7BD059775C120B /* Pods-PasswordVault.debug.xcconfig */,
				9561C9B9C838B87E0AD22D71 /* Pods-PasswordVault.release.xcconfig */,
				C011C1E2084C2740E927697F /* Pods-PasswordVaultTests.debug.xcconfig */,
				5E82B3E3F0A100D8AA8FFB67 /* Pods-PasswordVaultTests.release.xcconfig */,
			);
			name = Pods;
			sourceTree = "<group>";
		};
/* End PBXGroup section */

/* Begin PBXNativeTarget section */
		9531C6D41F29153900435143 /* PasswordVault */ = {
			isa = PBXNativeTarget;
			buildConfigurationList = 9531C6F51F29153900435143 /* Build configuration list for PBXNativeTarget "PasswordVault" */;
			buildPhases = (
				1591BAB7066571345E44039F /* [CP] Check Pods Manifest.lock */,
				9531C6D11F29153900435143 /* Sources */,
				9531C6D21F29153900435143 /* Frameworks */,
				9531C6D31F29153900435143 /* Resources */,
				D021AB0DA8A6EBAA6F15A69F /* [CP] Embed Pods Frameworks */,
				4086B2A466FA4B0B84BB714E /* [CP] Copy Pods Resources */,
			);
			buildRules = (
			);
			dependencies = (
			);
			name = PasswordVault;
			productName = PasswordVault;
			productReference = 9531C6D51F29153900435143 /* PasswordVault.app */;
			productType = "com.apple.product-type.application";
		};
		9531C6EB1F29153900435143 /* PasswordVaultTests */ = {
			isa = PBXNativeTarget;
			buildConfigurationList = 9531C6F81F29153900435143 /* Build configuration list for PBXNativeTarget "PasswordVaultTests" */;
			buildPhases = (
				CED0B275041AC4C7D1A17240 /* [CP] Check Pods Manifest.lock */,
				9531C6E81F29153900435143 /* Sources */,
				9531C6E91F29153900435143 /* Frameworks */,
				9531C6EA1F29153900435143 /* Resources */,
				6D744405A254EF20812120D7 /* [CP] Embed Pods Frameworks */,
				67735F2F4AEB7A8547CFE098 /* [CP] Copy Pods Resources */,
			);
			buildRules = (
			);
			dependencies = (
				9531C6EE1F29153900435143 /* PBXTargetDependency */,
			);
			name = PasswordVaultTests;
			productName = PasswordVaultTests;
			productReference = 9531C6EC1F29153900435143 /* PasswordVaultTests.xctest */;
			productType = "com.apple.product-type.bundle.unit-test";
		};
/* End PBXNativeTarget section */

/* Begin PBXProject section */
		9531C6CD1F29153900435143 /* Project object */ = {
			isa = PBXProject;
			attributes = {
				LastSwiftUpdateCheck = 0830;
				LastUpgradeCheck = 0830;
				ORGANIZATIONNAME = Bayma;
				TargetAttributes = {
					9531C6D41F29153900435143 = {
						CreatedOnToolsVersion = 8.3.3;
						DevelopmentTeam = LNGFCK45YW;
						ProvisioningStyle = Automatic;
					};
					9531C6EB1F29153900435143 = {
						CreatedOnToolsVersion = 8.3.3;
						DevelopmentTeam = LNGFCK45YW;
						ProvisioningStyle = Automatic;
						TestTargetID = 9531C6D41F29153900435143;
					};
				};
			};
			buildConfigurationList = 9531C6D01F29153900435143 /* Build configuration list for PBXProject "PasswordVault" */;
			compatibilityVersion = "Xcode 3.2";
			developmentRegion = English;
			hasScannedForEncodings = 0;
			knownRegions = (
				en,
				Base,
			);
			mainGroup = 9531C6CC1F29153900435143;
			productRefGroup = 9531C6D61F29153900435143 /* Products */;
			projectDirPath = "";
			projectRoot = "";
			targets = (
				9531C6D41F29153900435143 /* PasswordVault */,
				9531C6EB1F29153900435143 /* PasswordVaultTests */,
			);
		};
/* End PBXProject section */

/* Begin PBXResourcesBuildPhase section */
		9531C6D31F29153900435143 /* Resources */ = {
			isa = PBXResourcesBuildPhase;
			buildActionMask = 2147483647;
			files = (
				9531C6E61F29153900435143 /* LaunchScreen.storyboard in Resources */,
				9531C6E31F29153900435143 /* Assets.xcassets in Resources */,
			);
			runOnlyForDeploymentPostprocessing = 0;
		};
		9531C6EA1F29153900435143 /* Resources */ = {
			isa = PBXResourcesBuildPhase;
			buildActionMask = 2147483647;
			files = (
			);
			runOnlyForDeploymentPostprocessing = 0;
		};
/* End PBXResourcesBuildPhase section */

/* Begin PBXShellScriptBuildPhase section */
		1591BAB7066571345E44039F /* [CP] Check Pods Manifest.lock */ = {
			isa = PBXShellScriptBuildPhase;
			buildActionMask = 2147483647;
			files = (
			);
			inputPaths = (
			);
			name = "[CP] Check Pods Manifest.lock";
			outputPaths = (
			);
			runOnlyForDeploymentPostprocessing = 0;
			shellPath = /bin/sh;
			shellScript = "diff \"${PODS_PODFILE_DIR_PATH}/Podfile.lock\" \"${PODS_ROOT}/Manifest.lock\" > /dev/null\nif [ $? != 0 ] ; then\n    # print error to STDERR\n    echo \"error: The sandbox is not in sync with the Podfile.lock. Run 'pod install' or update your CocoaPods installation.\" >&2\n    exit 1\nfi\n";
			showEnvVarsInLog = 0;
		};
		4086B2A466FA4B0B84BB714E /* [CP] Copy Pods Resources */ = {
			isa = PBXShellScriptBuildPhase;
			buildActionMask = 2147483647;
			files = (
			);
			inputPaths = (
			);
			name = "[CP] Copy Pods Resources";
			outputPaths = (
			);
			runOnlyForDeploymentPostprocessing = 0;
			shellPath = /bin/sh;
			shellScript = "\"${SRCROOT}/Pods/Target Support Files/Pods-PasswordVault/Pods-PasswordVault-resources.sh\"\n";
			showEnvVarsInLog = 0;
		};
		67735F2F4AEB7A8547CFE098 /* [CP] Copy Pods Resources */ = {
			isa = PBXShellScriptBuildPhase;
			buildActionMask = 2147483647;
			files = (
			);
			inputPaths = (
			);
			name = "[CP] Copy Pods Resources";
			outputPaths = (
			);
			runOnlyForDeploymentPostprocessing = 0;
			shellPath = /bin/sh;
			shellScript = "\"${SRCROOT}/Pods/Target Support Files/Pods-PasswordVaultTests/Pods-PasswordVaultTests-resources.sh\"\n";
			showEnvVarsInLog = 0;
		};
		6D744405A254EF20812120D7 /* [CP] Embed Pods Frameworks */ = {
			isa = PBXShellScriptBuildPhase;
			buildActionMask = 2147483647;
			files = (
			);
			inputPaths = (
			);
			name = "[CP] Embed Pods Frameworks";
			outputPaths = (
			);
			runOnlyForDeploymentPostprocessing = 0;
			shellPath = /bin/sh;
			shellScript = "\"${SRCROOT}/Pods/Target Support Files/Pods-PasswordVaultTests/Pods-PasswordVaultTests-frameworks.sh\"\n";
			showEnvVarsInLog = 0;
		};
		CED0B275041AC4C7D1A17240 /* [CP] Check Pods Manifest.lock */ = {
			isa = PBXShellScriptBuildPhase;
			buildActionMask = 2147483647;
			files = (
			);
			inputPaths = (
			);
			name = "[CP] Check Pods Manifest.lock";
			outputPaths = (
			);
			runOnlyForDeploymentPostprocessing = 0;
			shellPath = /bin/sh;
			shellScript = "diff \"${PODS_PODFILE_DIR_PATH}/Podfile.lock\" \"${PODS_ROOT}/Manifest.lock\" > /dev/null\nif [ $? != 0 ] ; then\n    # print error to STDERR\n    echo \"error: The sandbox is not in sync with the Podfile.lock. Run 'pod install' or update your CocoaPods installation.\" >&2\n    exit 1\nfi\n";
			showEnvVarsInLog = 0;
		};
		D021AB0DA8A6EBAA6F15A69F /* [CP] Embed Pods Frameworks */ = {
			isa = PBXShellScriptBuildPhase;
			buildActionMask = 2147483647;
			files = (
			);
			inputPaths = (
			);
			name = "[CP] Embed Pods Frameworks";
			outputPaths = (
			);
			runOnlyForDeploymentPostprocessing = 0;
			shellPath = /bin/sh;
			shellScript = "\"${SRCROOT}/Pods/Target Support Files/Pods-PasswordVault/Pods-PasswordVault-frameworks.sh\"\n";
			showEnvVarsInLog = 0;
		};
/* End PBXShellScriptBuildPhase section */

/* Begin PBXSourcesBuildPhase section */
		9531C6D11F29153900435143 /* Sources */ = {
			isa = PBXSourcesBuildPhase;
			buildActionMask = 2147483647;
			files = (
				952B74AA1F292D5B00B378FF /* Group.swift in Sources */,
				9531C6E11F29153900435143 /* PasswordVault.xcdatamodeld in Sources */,
				952B74A41F2925CF00B378FF /* GroupsTableViewController.swift in Sources */,
				952B74BC1F294C5B00B378FF /* AddGroupView.swift in Sources */,
				955B4B941F2A782C005E1DD5 /* Item.swift in Sources */,
				952B74AF1F2936C800B378FF /* GroupTableViewCell.swift in Sources */,
				952B74A21F29256200B378FF /* GenericTableView.swift in Sources */,
				955B4B961F2A78AE005E1DD5 /* ItemTableViewCell.swift in Sources */,
				955B4B921F2A77EE005E1DD5 /* GroupDetailTableViewDataSource.swift in Sources */,
				952B74B81F294ABF00B378FF /* AddGroupViewController.swift in Sources */,
				9531C6D91F29153900435143 /* AppDelegate.swift in Sources */,
				952B74A61F29268D00B378FF /* GroupsTableViewDataSource.swift in Sources */,
				952B74AD1F292EB000B378FF /* Protocols.swift in Sources */,
				955B4B901F2A76D7005E1DD5 /* GroupDetailTableViewController.swift in Sources */,
				952B74BA1F294C1500B378FF /* LabeledTextField.swift in Sources */,
			);
			runOnlyForDeploymentPostprocessing = 0;
		};
		9531C6E81F29153900435143 /* Sources */ = {
			isa = PBXSourcesBuildPhase;
			buildActionMask = 2147483647;
			files = (
				955B4B981F2A8DAB005E1DD5 /* GroupDetailTests.swift in Sources */,
				952B74B21F29478500B378FF /* GroupTests.swift in Sources */,
				952B74B51F2947E000B378FF /* GroupsTableViewTests.swift in Sources */,
				955B4B8A1F2A1D1A005E1DD5 /* AddGroupViewTests.swift in Sources */,
				955B4B9A1F2A8DBA005E1DD5 /* ItemTests.swift in Sources */,
			);
			runOnlyForDeploymentPostprocessing = 0;
		};
/* End PBXSourcesBuildPhase section */

/* Begin PBXTargetDependency section */
		9531C6EE1F29153900435143 /* PBXTargetDependency */ = {
			isa = PBXTargetDependency;
			target = 9531C6D41F29153900435143 /* PasswordVault */;
			targetProxy = 9531C6ED1F29153900435143 /* PBXContainerItemProxy */;
		};
/* End PBXTargetDependency section */

/* Begin PBXVariantGroup section */
		9531C6E41F29153900435143 /* LaunchScreen.storyboard */ = {
			isa = PBXVariantGroup;
			children = (
				9531C6E51F29153900435143 /* Base */,
			);
			name = LaunchScreen.storyboard;
			sourceTree = "<group>";
		};
/* End PBXVariantGroup section */

/* Begin XCBuildConfiguration section */
		9531C6F31F29153900435143 /* Debug */ = {
			isa = XCBuildConfiguration;
			buildSettings = {
				ALWAYS_SEARCH_USER_PATHS = NO;
				CLANG_ANALYZER_NONNULL = YES;
				CLANG_ANALYZER_NUMBER_OBJECT_CONVERSION = YES_AGGRESSIVE;
				CLANG_CXX_LANGUAGE_STANDARD = "gnu++0x";
				CLANG_CXX_LIBRARY = "libc++";
				CLANG_ENABLE_MODULES = YES;
				CLANG_ENABLE_OBJC_ARC = YES;
				CLANG_WARN_BOOL_CONVERSION = YES;
				CLANG_WARN_CONSTANT_CONVERSION = YES;
				CLANG_WARN_DIRECT_OBJC_ISA_USAGE = YES_ERROR;
				CLANG_WARN_DOCUMENTATION_COMMENTS = YES;
				CLANG_WARN_EMPTY_BODY = YES;
				CLANG_WARN_ENUM_CONVERSION = YES;
				CLANG_WARN_INFINITE_RECURSION = YES;
				CLANG_WARN_INT_CONVERSION = YES;
				CLANG_WARN_OBJC_ROOT_CLASS = YES_ERROR;
				CLANG_WARN_SUSPICIOUS_MOVE = YES;
				CLANG_WARN_UNREACHABLE_CODE = YES;
				CLANG_WARN__DUPLICATE_METHOD_MATCH = YES;
				"CODE_SIGN_IDENTITY[sdk=iphoneos*]" = "iPhone Developer";
				COPY_PHASE_STRIP = NO;
				DEBUG_INFORMATION_FORMAT = dwarf;
				ENABLE_STRICT_OBJC_MSGSEND = YES;
				ENABLE_TESTABILITY = YES;
				GCC_C_LANGUAGE_STANDARD = gnu99;
				GCC_DYNAMIC_NO_PIC = NO;
				GCC_NO_COMMON_BLOCKS = YES;
				GCC_OPTIMIZATION_LEVEL = 0;
				GCC_PREPROCESSOR_DEFINITIONS = (
					"DEBUG=1",
					"$(inherited)",
				);
				GCC_WARN_64_TO_32_BIT_CONVERSION = YES;
				GCC_WARN_ABOUT_RETURN_TYPE = YES_ERROR;
				GCC_WARN_UNDECLARED_SELECTOR = YES;
				GCC_WARN_UNINITIALIZED_AUTOS = YES_AGGRESSIVE;
				GCC_WARN_UNUSED_FUNCTION = YES;
				GCC_WARN_UNUSED_VARIABLE = YES;
				IPHONEOS_DEPLOYMENT_TARGET = 10.0;
				MTL_ENABLE_DEBUG_INFO = YES;
				ONLY_ACTIVE_ARCH = YES;
				SDKROOT = iphoneos;
				SWIFT_ACTIVE_COMPILATION_CONDITIONS = DEBUG;
				SWIFT_OPTIMIZATION_LEVEL = "-Onone";
				TARGETED_DEVICE_FAMILY = "1,2";
			};
			name = Debug;
		};
		9531C6F41F29153900435143 /* Release */ = {
			isa = XCBuildConfiguration;
			buildSettings = {
				ALWAYS_SEARCH_USER_PATHS = NO;
				CLANG_ANALYZER_NONNULL = YES;
				CLANG_ANALYZER_NUMBER_OBJECT_CONVERSION = YES_AGGRESSIVE;
				CLANG_CXX_LANGUAGE_STANDARD = "gnu++0x";
				CLANG_CXX_LIBRARY = "libc++";
				CLANG_ENABLE_MODULES = YES;
				CLANG_ENABLE_OBJC_ARC = YES;
				CLANG_WARN_BOOL_CONVERSION = YES;
				CLANG_WARN_CONSTANT_CONVERSION = YES;
				CLANG_WARN_DIRECT_OBJC_ISA_USAGE = YES_ERROR;
				CLANG_WARN_DOCUMENTATION_COMMENTS = YES;
				CLANG_WARN_EMPTY_BODY = YES;
				CLANG_WARN_ENUM_CONVERSION = YES;
				CLANG_WARN_INFINITE_RECURSION = YES;
				CLANG_WARN_INT_CONVERSION = YES;
				CLANG_WARN_OBJC_ROOT_CLASS = YES_ERROR;
				CLANG_WARN_SUSPICIOUS_MOVE = YES;
				CLANG_WARN_UNREACHABLE_CODE = YES;
				CLANG_WARN__DUPLICATE_METHOD_MATCH = YES;
				"CODE_SIGN_IDENTITY[sdk=iphoneos*]" = "iPhone Developer";
				COPY_PHASE_STRIP = NO;
				DEBUG_INFORMATION_FORMAT = "dwarf-with-dsym";
				ENABLE_NS_ASSERTIONS = NO;
				ENABLE_STRICT_OBJC_MSGSEND = YES;
				GCC_C_LANGUAGE_STANDARD = gnu99;
				GCC_NO_COMMON_BLOCKS = YES;
				GCC_WARN_64_TO_32_BIT_CONVERSION = YES;
				GCC_WARN_ABOUT_RETURN_TYPE = YES_ERROR;
				GCC_WARN_UNDECLARED_SELECTOR = YES;
				GCC_WARN_UNINITIALIZED_AUTOS = YES_AGGRESSIVE;
				GCC_WARN_UNUSED_FUNCTION = YES;
				GCC_WARN_UNUSED_VARIABLE = YES;
				IPHONEOS_DEPLOYMENT_TARGET = 10.0;
				MTL_ENABLE_DEBUG_INFO = NO;
				SDKROOT = iphoneos;
				SWIFT_OPTIMIZATION_LEVEL = "-Owholemodule";
				TARGETED_DEVICE_FAMILY = "1,2";
				VALIDATE_PRODUCT = YES;
			};
			name = Release;
		};
		9531C6F61F29153900435143 /* Debug */ = {
			isa = XCBuildConfiguration;
			baseConfigurationReference = 8DC15C758A7BD059775C120B /* Pods-PasswordVault.debug.xcconfig */;
			buildSettings = {
				ASSETCATALOG_COMPILER_APPICON_NAME = AppIcon;
				DEVELOPMENT_TEAM = LNGFCK45YW;
				INFOPLIST_FILE = PasswordVault/Info.plist;
				IPHONEOS_DEPLOYMENT_TARGET = 10.0;
				LD_RUNPATH_SEARCH_PATHS = "$(inherited) @executable_path/Frameworks";
				PRODUCT_BUNDLE_IDENTIFIER = br.com.bayma.PasswordVault;
				PRODUCT_NAME = "$(TARGET_NAME)";
				SWIFT_VERSION = 3.0;
			};
			name = Debug;
		};
		9531C6F71F29153900435143 /* Release */ = {
			isa = XCBuildConfiguration;
			baseConfigurationReference = 9561C9B9C838B87E0AD22D71 /* Pods-PasswordVault.release.xcconfig */;
			buildSettings = {
				ASSETCATALOG_COMPILER_APPICON_NAME = AppIcon;
				DEVELOPMENT_TEAM = LNGFCK45YW;
				INFOPLIST_FILE = PasswordVault/Info.plist;
				IPHONEOS_DEPLOYMENT_TARGET = 10.0;
				LD_RUNPATH_SEARCH_PATHS = "$(inherited) @executable_path/Frameworks";
				PRODUCT_BUNDLE_IDENTIFIER = br.com.bayma.PasswordVault;
				PRODUCT_NAME = "$(TARGET_NAME)";
				SWIFT_VERSION = 3.0;
			};
			name = Release;
		};
		9531C6F91F29153900435143 /* Debug */ = {
			isa = XCBuildConfiguration;
			baseConfigurationReference = C011C1E2084C2740E927697F /* Pods-PasswordVaultTests.debug.xcconfig */;
			buildSettings = {
				ALWAYS_EMBED_SWIFT_STANDARD_LIBRARIES = YES;
				BUNDLE_LOADER = "$(TEST_HOST)";
				DEVELOPMENT_TEAM = LNGFCK45YW;
				INFOPLIST_FILE = PasswordVaultTests/Info.plist;
				LD_RUNPATH_SEARCH_PATHS = "$(inherited) @executable_path/Frameworks @loader_path/Frameworks";
				PRODUCT_BUNDLE_IDENTIFIER = br.com.bayma.PasswordVaultTests;
				PRODUCT_NAME = "$(TARGET_NAME)";
				SWIFT_VERSION = 3.0;
				TEST_HOST = "$(BUILT_PRODUCTS_DIR)/PasswordVault.app/PasswordVault";
			};
			name = Debug;
		};
		9531C6FA1F29153900435143 /* Release */ = {
			isa = XCBuildConfiguration;
			baseConfigurationReference = 5E82B3E3F0A100D8AA8FFB67 /* Pods-PasswordVaultTests.release.xcconfig */;
			buildSettings = {
				ALWAYS_EMBED_SWIFT_STANDARD_LIBRARIES = YES;
				BUNDLE_LOADER = "$(TEST_HOST)";
				DEVELOPMENT_TEAM = LNGFCK45YW;
				INFOPLIST_FILE = PasswordVaultTests/Info.plist;
				LD_RUNPATH_SEARCH_PATHS = "$(inherited) @executable_path/Frameworks @loader_path/Frameworks";
				PRODUCT_BUNDLE_IDENTIFIER = br.com.bayma.PasswordVaultTests;
				PRODUCT_NAME = "$(TARGET_NAME)";
				SWIFT_VERSION = 3.0;
				TEST_HOST = "$(BUILT_PRODUCTS_DIR)/PasswordVault.app/PasswordVault";
			};
			name = Release;
		};
/* End XCBuildConfiguration section */

/* Begin XCConfigurationList section */
		9531C6D01F29153900435143 /* Build configuration list for PBXProject "PasswordVault" */ = {
			isa = XCConfigurationList;
			buildConfigurations = (
				9531C6F31F29153900435143 /* Debug */,
				9531C6F41F29153900435143 /* Release */,
			);
			defaultConfigurationIsVisible = 0;
			defaultConfigurationName = Release;
		};
		9531C6F51F29153900435143 /* Build configuration list for PBXNativeTarget "PasswordVault" */ = {
			isa = XCConfigurationList;
			buildConfigurations = (
				9531C6F61F29153900435143 /* Debug */,
				9531C6F71F29153900435143 /* Release */,
			);
			defaultConfigurationIsVisible = 0;
			defaultConfigurationName = Release;
		};
		9531C6F81F29153900435143 /* Build configuration list for PBXNativeTarget "PasswordVaultTests" */ = {
			isa = XCConfigurationList;
			buildConfigurations = (
				9531C6F91F29153900435143 /* Debug */,
				9531C6FA1F29153900435143 /* Release */,
			);
			defaultConfigurationIsVisible = 0;
			defaultConfigurationName = Release;
		};
/* End XCConfigurationList section */

/* Begin XCVersionGroup section */
		9531C6DF1F29153900435143 /* PasswordVault.xcdatamodeld */ = {
			isa = XCVersionGroup;
			children = (
				9531C6E01F29153900435143 /* PasswordVault.xcdatamodel */,
			);
			currentVersion = 9531C6E01F29153900435143 /* PasswordVault.xcdatamodel */;
			path = PasswordVault.xcdatamodeld;
			sourceTree = "<group>";
			versionGroupType = wrapper.xcdatamodel;
		};
/* End XCVersionGroup section */
	};
	rootObject = 9531C6CD1F29153900435143 /* Project object */;
}
